{
  "version": 1,
  "dependencies": {
    "net10.0": {
      "ApprovalTests": {
        "type": "Direct",
        "requested": "[7.0.0, )",
        "resolved": "7.0.0",
        "contentHash": "upJ2Ri65c94w5n6sdJ1iruUiqWY2ELc4zwPnXStS4lkHknz6dd9zWID4LYjwu+j34DMF1smZbweM/5g+XBesZQ==",
        "dependencies": {
          "ApprovalUtilities": "7.0.0",
          "DiffEngine": "16.2.3",
          "EmptyFiles": "8.10.1",
          "TextCopy": "6.2.1"
        }
      },
      "Microsoft.NET.Test.Sdk": {
        "type": "Direct",
        "requested": "[18.4.0, )",
        "resolved": "18.4.0",
        "contentHash": "w49iZdL4HL6V25l41NVQLXWQ+e71GvSkKVteMrOL02gP/PUkcnO/1yEb2s9FntU4wGmJWfKnyrRAhcMHd9ZZNA==",
        "dependencies": {
          "Microsoft.CodeCoverage": "18.4.0",
          "Microsoft.TestPlatform.TestHost": "18.4.0"
        }
      },
      "MSTest": {
        "type": "Direct",
        "requested": "[4.2.1, )",
        "resolved": "4.2.1",
        "contentHash": "lYHaw5shNAcn/FazBC5EX96uhQYAz1SumbqKV3SarcVxHffZX5ONRATj1joODfwVINB8vlhmblm2ATjVujFpug==",
        "dependencies": {
          "MSTest.TestAdapter": "4.2.1",
          "MSTest.TestFramework": "4.2.1",
          "Microsoft.NET.Test.Sdk": "18.3.0",
          "Microsoft.Testing.Extensions.CodeCoverage": "18.5.2",
          "Microsoft.Testing.Extensions.TrxReport": "2.2.1"
        }
      },
      "ApprovalUtilities": {
        "type": "Transitive",
        "resolved": "7.0.0",
        "contentHash": "MlNjcaU4cRmdy8q73nvE3Ox46fYe6TEi9iJGyWd6o4aIJ+EOXgBlE5Wje8Ag3mF98ayhMRVI3e8q750cmQkFqA==",
        "dependencies": {
          "System.Data.SqlClient": "4.9.0",
          "System.Management": "8.0.0"
        }
      },
      "CsvHelper": {
        "type": "Transitive",
        "resolved": "33.1.0",
        "contentHash": "kqfTOZGrn7NarNeXgjh86JcpTHUoeQDMB8t9NVa/ZtlSYiV1rxfRnQ49WaJsob4AiGrbK0XDzpyKkBwai4F8eg=="
      },
      "DiffEngine": {
        "type": "Transitive",
        "resolved": "16.2.3",
        "contentHash": "QWnG0MR3//Ss0G0N9mIfe1HLOrOIRZqau0AOiLt9Gm53ZQf/TLvzoccTkczEW5ACkbhRY5m+p+W7bzFVln2GDw==",
        "dependencies": {
          "EmptyFiles": "8.10.1",
          "System.Management": "8.0.0"
        }
      },
      "EmptyFiles": {
        "type": "Transitive",
        "resolved": "8.10.1",
        "contentHash": "vhLPAqdKuo2qjVkrJbCyacGXO9XTha7G1R5amw44m877FDR/gqFjCfdncj8VyHAC6eNqrCXgYTbHJGO5+l3TJg=="
      },
      "Microsoft.ApplicationInsights": {
        "type": "Transitive",
        "resolved": "2.23.0",
        "contentHash": "nWArUZTdU7iqZLycLKWe0TDms48KKGE6pONH2terYNa8REXiqixrMOkf1sk5DHGMaUTqONU2YkS4SAXBhLStgw=="
      },
      "Microsoft.CodeCoverage": {
        "type": "Transitive",
        "resolved": "18.4.0",
        "contentHash": "9O0BtCfzCWrkAmK187ugKdq72HHOXoOUjuWFDVc2LsZZ0pOnA9bTt+Sg9q4cF+MoAaUU+MuWtvBuFsnduviJow=="
      },
      "Microsoft.DiaSymReader": {
        "type": "Transitive",
        "resolved": "2.2.3",
        "contentHash": "bhwzJfzyiJM0nXJyNB7Y9OfsEXyxLdDBHG99soIp5JjnPydwkOaBdRCtRtWgQh3noSLi2cSIZ/wpbHNNE9knxQ=="
      },
      "Microsoft.Extensions.DependencyInjection.Abstractions": {
        "type": "Transitive",
        "resolved": "7.0.0",
        "contentHash": "h3j/QfmFN4S0w4C2A6X7arXij/M/OVw3uQHSOFxnND4DyAzO1F9eMX7Eti7lU/OkSthEE0WzRsfT/Dmx86jzCw=="
      },
      "Microsoft.Extensions.DependencyModel": {
        "type": "Transitive",
        "resolved": "8.0.2",
        "contentHash": "mUBDZZRgZrSyFOsJ2qJJ9fXfqd/kXJwf3AiDoqLD9m6TjY5OO/vLNOb9fb4juC0487eq4hcGN/M2Rh/CKS7QYw=="
      },
      "Microsoft.Testing.Extensions.CodeCoverage": {
        "type": "Transitive",
        "resolved": "18.5.2",
        "contentHash": "UNcGLx9pVtlXF8MPDR8KDp+/OKKNIJjpzwRyZSt609TSGvaD8mtuQMb5GKZvhMucPp0a5Juvn3kxXDceQZWmAg==",
        "dependencies": {
          "Microsoft.DiaSymReader": "2.2.3",
          "Microsoft.Extensions.DependencyModel": "8.0.2",
          "Microsoft.Testing.Platform": "2.1.0"
        }
      },
      "Microsoft.Testing.Extensions.Telemetry": {
        "type": "Transitive",
        "resolved": "2.2.1",
        "contentHash": "7zB8BjffOyvqfHF26rFVPuK0w1fCf5+j1tLuhHIr76CqxXkGb+fMJtq6YNOV+m6qPytExHMXxluk3RgJ+dSIqw==",
        "dependencies": {
          "Microsoft.ApplicationInsights": "2.23.0",
          "Microsoft.Testing.Platform": "2.2.1"
        }
      },
      "Microsoft.Testing.Extensions.TrxReport": {
        "type": "Transitive",
        "resolved": "2.2.1",
        "contentHash": "FWaktPQHSiZh/+2ft2PHH/4bLlg8BKlrbLiil8mRcpoP0oHzKpgBfmN3QepGlAbxG0yDrZGN8tuPy77FYdEaMw==",
        "dependencies": {
          "Microsoft.Testing.Extensions.TrxReport.Abstractions": "2.2.1",
          "Microsoft.Testing.Platform": "2.2.1"
        }
      },
      "Microsoft.Testing.Extensions.TrxReport.Abstractions": {
        "type": "Transitive",
        "resolved": "2.2.1",
        "contentHash": "RD6D1Jx6cKDA5IHd1H2q8ylIuQG3PD+gdULI0JC8CvsRtaypFzTFpB5xDPuQi8o6kAkcM04cBhAiJPxZboNH2Q==",
        "dependencies": {
          "Microsoft.Testing.Platform": "2.2.1"
        }
      },
      "Microsoft.Testing.Extensions.VSTestBridge": {
        "type": "Transitive",
        "resolved": "2.2.1",
        "contentHash": "D8AGlkNtlTQPe3zf4SLnHBMr13lerMe0RuHSoRfnRatcuX/T7YbRtgn39rWBjKhXsNio0WXKrPKv3gfWE2I46w==",
        "dependencies": {
          "Microsoft.TestPlatform.ObjectModel": "18.3.0",
          "Microsoft.Testing.Extensions.Telemetry": "2.2.1",
          "Microsoft.Testing.Extensions.TrxReport.Abstractions": "2.2.1",
          "Microsoft.Testing.Platform": "2.2.1"
        }
      },
      "Microsoft.Testing.Platform": {
        "type": "Transitive",
        "resolved": "2.2.1",
        "contentHash": "9bbPuls/b6/vUFzxbSjJLZlJHyKBfOZE5kjIY+ITI2ASqlFPJhR83BdLydJeQOCLEZhEbrEcz5xtt1B69nwSVg=="
      },
      "Microsoft.Testing.Platform.MSBuild": {
        "type": "Transitive",
        "resolved": "2.2.1",
        "contentHash": "CSJOcZHfKlTyPbS0CTJk6iEnU4gJC+eUA5z72UBnMDRdgVHYOmB8k9Y7jT233gZjnCOQiYFg3acQHRfu2H62nw==",
        "dependencies": {
          "Microsoft.Testing.Platform": "2.2.1"
        }
      },
      "Microsoft.TestPlatform.ObjectModel": {
        "type": "Transitive",
        "resolved": "18.4.0",
        "contentHash": "4L6m2kS2pY5uJ9cpeRxzW22opr6ttScIRqsOpMDQpgENp/ZwxkkQCcmc6LRSURo2dFaaSW5KVflQZvroiJ7Wzg=="
      },
      "Microsoft.TestPlatform.TestHost": {
        "type": "Transitive",
        "resolved": "18.4.0",
        "contentHash": "gZsCHI+zOmZCcKZieIL4Jg14qKD2OGZOmX5DehuIk1EA9BN6Crm0+taXQNEuajOH1G9CCyBxw8VWR4t5tumcng==",
        "dependencies": {
          "Microsoft.TestPlatform.ObjectModel": "18.4.0",
          "Newtonsoft.Json": "13.0.3"
        }
      },
      "MSTest.Analyzers": {
        "type": "Transitive",
        "resolved": "4.2.1",
        "contentHash": "1i9jgE/42KGGyZ4s0MdrYM/Uu/dRYhbRfYQifcO0AZ6vw4sBXRjoQGQRGNSm771AYgPAmoGl0u4sJc2lMET6HQ=="
      },
      "MSTest.TestAdapter": {
        "type": "Transitive",
        "resolved": "4.2.1",
        "contentHash": "lZRgNzaQnffK4XLjM/og4Eoqp/3IkpcyJQQcyKXkPdkzCT3+ghpwHa9zG1xYhQDbUFoc54M+/waLwh31K9stDQ==",
        "dependencies": {
          "MSTest.TestFramework": "4.2.1",
          "Microsoft.Testing.Extensions.VSTestBridge": "2.2.1",
          "Microsoft.Testing.Platform.MSBuild": "2.2.1"
        }
      },
      "MSTest.TestFramework": {
        "type": "Transitive",
        "resolved": "4.2.1",
        "contentHash": "I4/RbS2TpGZ56CE98+jPbrGlcerYtw2LvPVKzQGvyQQcJDekPy2Kd+fnThXYn+geJ1sW+vA9B7++rFNxvKcWxA==",
        "dependencies": {
          "MSTest.Analyzers": "4.2.1"
        }
      },
      "Newtonsoft.Json": {
        "type": "Transitive",
        "resolved": "13.0.3",
        "contentHash": "HrC5BXdl00IP9zeV+0Z848QWPAoCr9P3bDEZguI+gkLcBKAOxix/tLEAAHC+UvDNPv4a2d18lOReHMOagPa+zQ=="
      },
      "runtime.native.System.Data.SqlClient.sni": {
        "type": "Transitive",
        "resolved": "4.4.0",
        "contentHash": "A8v6PGmk+UGbfWo5Ixup0lPM4swuSwOiayJExZwKIOjTlFFQIsu3QnDXECosBEyrWSPryxBVrdqtJyhK3BaupQ==",
        "dependencies": {
          "runtime.win-arm64.runtime.native.System.Data.SqlClient.sni": "4.4.0",
          "runtime.win-x64.runtime.native.System.Data.SqlClient.sni": "4.4.0",
          "runtime.win-x86.runtime.native.System.Data.SqlClient.sni": "4.4.0"
        }
      },
      "runtime.win-arm64.runtime.native.System.Data.SqlClient.sni": {
        "type": "Transitive",
        "resolved": "4.4.0",
        "contentHash": "LbrynESTp3bm5O/+jGL8v0Qg5SJlTV08lpIpFesXjF6uGNMWqFnUQbYBJwZTeua6E/Y7FIM1C54Ey1btLWupdg=="
      },
      "runtime.win-x64.runtime.native.System.Data.SqlClient.sni": {
        "type": "Transitive",
        "resolved": "4.4.0",
        "contentHash": "38ugOfkYJqJoX9g6EYRlZB5U2ZJH51UP8ptxZgdpS07FgOEToV+lS11ouNK2PM12Pr6X/PpT5jK82G3DwH/SxQ=="
      },
      "runtime.win-x86.runtime.native.System.Data.SqlClient.sni": {
        "type": "Transitive",
        "resolved": "4.4.0",
        "contentHash": "YhEdSQUsTx+C8m8Bw7ar5/VesXvCFMItyZF7G1AUY+OM0VPZUOeAVpJ4Wl6fydBGUYZxojTDR3I6Bj/+BPkJNA=="
      },
      "System.CodeDom": {
        "type": "Transitive",
        "resolved": "8.0.0",
        "contentHash": "WTlRjL6KWIMr/pAaq3rYqh0TJlzpouaQ/W1eelssHgtlwHAH25jXTkUphTYx9HaIIf7XA6qs/0+YhtLEQRkJ+Q=="
      },
      "System.Data.SqlClient": {
        "type": "Transitive",
        "resolved": "4.9.0",
        "contentHash": "j4KJO+vC62NyUtNHz854njEqXbT8OmAa5jb1nrGfYWBOcggyYUQE0w/snXeaCjdvkSKWuUD+hfvlbN8pTrJTXg==",
        "dependencies": {
          "runtime.native.System.Data.SqlClient.sni": "4.4.0"
        }
      },
      "System.Management": {
        "type": "Transitive",
        "resolved": "8.0.0",
        "contentHash": "jrK22i5LRzxZCfGb+tGmke2VH7oE0DvcDlJ1HAKYU8cPmD8XnpUT0bYn2Gy98GEhGjtfbR/sxKTVb+dE770pfA==",
        "dependencies": {
          "System.CodeDom": "8.0.0"
        }
      },
      "TextCopy": {
        "type": "Transitive",
        "resolved": "6.2.1",
        "contentHash": "ryejViUBmHQ2XMie2AiRBn7KVKu2Gh/hqrctGSAUf1BufwfPjr+MWuACNBaiG+40TMbWRDJZgV73Tpl9hggeRw==",
        "dependencies": {
          "Microsoft.Extensions.DependencyInjection.Abstractions": "7.0.0"
        }
      },
      "autoynabcsv": {
        "type": "Project",
        "dependencies": {
          "CsvHelper": "[33.1.0, )"
        }
      }
    }
  }
}