{
  "version": 1,
  "dependencies": {
    "net9.0": {
      "ConsoleAppFramework": {
        "type": "Direct",
        "requested": "[5.3.3, )",
        "resolved": "5.3.3",
        "contentHash": "Jr1O9mD6YIZYBLWKo5CQg6jJ5jWMDUvOpqeOL+yqduJquwxOY7ZIZMq0NS/Qny51KXnKQN3TYhhlcjYf85h2ag=="
      },
      "Microsoft.NET.ILLink.Tasks": {
        "type": "Direct",
        "requested": "[9.0.0, )",
        "resolved": "9.0.0",
        "contentHash": "zAwp213evC3UkimtVXRb+Dlgc/40QG145nmZDtp2LO9zJJMfrp+i/87BnXN7tRXEA4liyzdFkjqG1HE8/RPb4A=="
      },
      "CsvHelper": {
        "type": "Transitive",
        "resolved": "33.0.1",
        "contentHash": "fev4lynklAU2A9GVMLtwarkwaanjSYB4wUqO2nOJX5hnzObORzUqVLe+bDYCUyIIRQM4o5Bsq3CcyJR89iMmEQ=="
      },
      "autoynabcsv": {
        "type": "Project",
        "dependencies": {
          "CsvHelper": "[33.0.1, )"
        }
      }
    }
  }
}